
Microsoft Visual Studio Solution File, Format Version 12.00
# Visual Studio Version 17
VisualStudioVersion = 17.13.35818.85
MinimumVisualStudioVersion = 10.0.40219.1
Project("{FAE04EC0-301F-11D3-BF4B-00C04F79EFBC}") = "BemPropostas", "BemPropostas\BemPropostas.csproj", "{C057B69A-6C37-4627-8620-DDA8539DE69D}"
EndProject
Project("{FAE04EC0-301F-11D3-BF4B-00C04F79EFBC}") = "BemPropostas.Infrastructure", "BemPropostas.Infrastructure\BemPropostas.Infrastructure.csproj", "{99C569F4-0DDB-49D3-B09B-393E75E88A4E}"
EndProject
Project("{FAE04EC0-301F-11D3-BF4B-00C04F79EFBC}") = "BemPropostas.WebApi", "BemPropostas.WebApi\BemPropostas.WebApi.csproj", "{D5701D46-BA04-402F-B836-14C61EEF13D0}"
EndProject
Project("{FAE04EC0-301F-11D3-BF4B-00C04F79EFBC}") = "BemPropostas.Consumers", "BemPropostas.Consumers\BemPropostas.Consumers.csproj", "{CABB7E7E-DF41-4332-9DB1-EEF55E03A1F9}"
EndProject
Global
	GlobalSection(SolutionConfigurationPlatforms) = preSolution
		Debug|Any CPU = Debug|Any CPU
		Release|Any CPU = Release|Any CPU
	EndGlobalSection
	GlobalSection(ProjectConfigurationPlatforms) = postSolution
		{C057B69A-6C37-4627-8620-DDA8539DE69D}.Debug|Any CPU.ActiveCfg = Debug|Any CPU
		{C057B69A-6C37-4627-8620-DDA8539DE69D}.Debug|Any CPU.Build.0 = Debug|Any CPU
		{C057B69A-6C37-4627-8620-DDA8539DE69D}.Release|Any CPU.ActiveCfg = Release|Any CPU
		{C057B69A-6C37-4627-8620-DDA8539DE69D}.Release|Any CPU.Build.0 = Release|Any CPU
		{99C569F4-0DDB-49D3-B09B-393E75E88A4E}.Debug|Any CPU.ActiveCfg = Debug|Any CPU
		{99C569F4-0DDB-49D3-B09B-393E75E88A4E}.Debug|Any CPU.Build.0 = Debug|Any CPU
		{99C569F4-0DDB-49D3-B09B-393E75E88A4E}.Release|Any CPU.ActiveCfg = Release|Any CPU
		{99C569F4-0DDB-49D3-B09B-393E75E88A4E}.Release|Any CPU.Build.0 = Release|Any CPU
		{D5701D46-BA04-402F-B836-14C61EEF13D0}.Debug|Any CPU.ActiveCfg = Debug|Any CPU
		{D5701D46-BA04-402F-B836-14C61EEF13D0}.Debug|Any CPU.Build.0 = Debug|Any CPU
		{D5701D46-BA04-402F-B836-14C61EEF13D0}.Release|Any CPU.ActiveCfg = Release|Any CPU
		{D5701D46-BA04-402F-B836-14C61EEF13D0}.Release|Any CPU.Build.0 = Release|Any CPU
		{CABB7E7E-DF41-4332-9DB1-EEF55E03A1F9}.Debug|Any CPU.ActiveCfg = Debug|Any CPU
		{CABB7E7E-DF41-4332-9DB1-EEF55E03A1F9}.Debug|Any CPU.Build.0 = Debug|Any CPU
		{CABB7E7E-DF41-4332-9DB1-EEF55E03A1F9}.Release|Any CPU.ActiveCfg = Release|Any CPU
		{CABB7E7E-DF41-4332-9DB1-EEF55E03A1F9}.Release|Any CPU.Build.0 = Release|Any CPU
	EndGlobalSection
	GlobalSection(SolutionProperties) = preSolution
		HideSolutionNode = FALSE
	EndGlobalSection
	GlobalSection(ExtensibilityGlobals) = postSolution
		SolutionGuid = {282B929D-573F-40A0-B1C3-5E8E3CCE3918}
	EndGlobalSection
EndGlobal
